{
  "name": "debian-preseeder",
  "version": "1.0.0",
  "lockfileVersion": 3,
  "requires": true,
  "packages": {
    "": {
      "name": "debian-preseeder",
      "version": "1.0.0",
      "license": "MIT",
      "dependencies": {
        "unixcrypt": "^3.0.4"
      }
    },
    "node_modules/unixcrypt": {
      "version": "3.0.4",
      "resolved": "https://registry.npmjs.org/unixcrypt/-/unixcrypt-3.0.4.tgz",
      "integrity": "sha512-56k8GHC86tw4LhIMZs+CWcNsTQyLfnUuhylHJfYVnJcs1ehGJDPHZ0xL58Mk5VTQpwXmTV8mq7O6GBNXMRtCUQ==",
      "license": "Apache-2.0",
      "engines": {
        "node": ">=20.0.0"
      }
    }
  }
}
